
Microsoft Visual Studio Solution File, Format Version 12.00
# Visual Studio Version 17
VisualStudioVersion = 17.8.34330.188
MinimumVisualStudioVersion = 10.0.40219.1
Project("{FAE04EC0-301F-11D3-BF4B-00C04F79EFBC}") = "exemploHTTP", "exemploHTTP\exemploHTTP.csproj", "{9CF6DD99-73AB-4AED-BD5B-D76F89DBFDBE}"
EndProject
Global
	GlobalSection(SolutionConfigurationPlatforms) = preSolution
		Debug|Any CPU = Debug|Any CPU
		Release|Any CPU = Release|Any CPU
	EndGlobalSection
	GlobalSection(ProjectConfigurationPlatforms) = postSolution
		{9CF6DD99-73AB-4AED-BD5B-D76F89DBFDBE}.Debug|Any CPU.ActiveCfg = Debug|Any CPU
		{9CF6DD99-73AB-4AED-BD5B-D76F89DBFDBE}.Debug|Any CPU.Build.0 = Debug|Any CPU
		{9CF6DD99-73AB-4AED-BD5B-D76F89DBFDBE}.Debug|Any CPU.Deploy.0 = Debug|Any CPU
		{9CF6DD99-73AB-4AED-BD5B-D76F89DBFDBE}.Release|Any CPU.ActiveCfg = Release|Any CPU
		{9CF6DD99-73AB-4AED-BD5B-D76F89DBFDBE}.Release|Any CPU.Build.0 = Release|Any CPU
		{9CF6DD99-73AB-4AED-BD5B-D76F89DBFDBE}.Release|Any CPU.Deploy.0 = Release|Any CPU
	EndGlobalSection
	GlobalSection(SolutionProperties) = preSolution
		HideSolutionNode = FALSE
	EndGlobalSection
	GlobalSection(ExtensibilityGlobals) = postSolution
		SolutionGuid = {89B995CF-8297-49EC-AB2C-D58B77F419DB}
	EndGlobalSection
EndGlobal
